{
  "nodes": {
    "nixpkgs": {
      "locked": {
        "lastModified": 1727267098,
        "narHash": "sha256-rc61I9zSQCpOy+wwhlchn94aFUjgtZ0KErMydotwPdU=",
        "owner": "nixos",
        "repo": "nixpkgs",
        "rev": "5b80e8c3bae3a182439a478713021109826dcb2d",
        "type": "github"
      },
      "original": {
        "owner": "nixos",
        "repo": "nixpkgs",
        "rev": "5b80e8c3bae3a182439a478713021109826dcb2d",
        "type": "github"
      }
    },
    "root": {
      "inputs": {
        "nixpkgs": "nixpkgs"
      }
    }
  },
  "root": "root",
  "version": 7
}
